%{
  "earmark": {:hex, :earmark, "1.2.6", "b6da42b3831458d3ecc57314dff3051b080b9b2be88c2e5aa41cd642a5b044ed", [:mix], [], "hexpm", "b42a23e9bd92d65d16db2f75553982e58519054095356a418bb8320bbacb58b1"},
  "ex_doc": {:hex, :ex_doc, "0.19.1", "519bb9c19526ca51d326c060cb1778d4a9056b190086a8c6c115828eaccea6cf", [:mix], [{:earmark, "~> 1.1", [hex: :earmark, repo: "hexpm", optional: false]}, {:makeup_elixir, "~> 0.7", [hex: :makeup_elixir, repo: "hexpm", optional: false]}], "hexpm", "dc87f778d8260da0189a622f62790f6202af72f2f3dee6e78d91a18dd2fcd137"},
  "jason": {:hex, :jason, "1.2.2", "ba43e3f2709fd1aa1dce90aaabfd039d000469c05c56f0b8e31978e03fa39052", [:mix], [{:decimal, "~> 1.0 or ~> 2.0", [hex: :decimal, repo: "hexpm", optional: true]}], "hexpm", "18a228f5f0058ee183f29f9eae0805c6e59d61c3b006760668d8d18ff0d12179"},
  "makeup": {:hex, :makeup, "0.5.1", "966c5c2296da272d42f1de178c1d135e432662eca795d6dc12e5e8787514edf7", [:mix], [{:nimble_parsec, "~> 0.2.2", [hex: :nimble_parsec, repo: "hexpm", optional: false]}], "hexpm", "259748a45dfcf5f49765a7c29c9594791c82de23e22d7a3e6e59533fe8e8935b"},
  "makeup_elixir": {:hex, :makeup_elixir, "0.8.0", "1204a2f5b4f181775a0e456154830524cf2207cf4f9112215c05e0b76e4eca8b", [:mix], [{:makeup, "~> 0.5.0", [hex: :makeup, repo: "hexpm", optional: false]}, {:nimble_parsec, "~> 0.2.2", [hex: :nimble_parsec, repo: "hexpm", optional: false]}], "hexpm", "393d17c5a648e3b30522b2a4743bd1dc3533e1227c8c2823ebe8c3a8e5be5913"},
  "nimble_parsec": {:hex, :nimble_parsec, "0.2.2", "d526b23bdceb04c7ad15b33c57c4526bf5f50aaa70c7c141b4b4624555c68259", [:mix], [], "hexpm", "4ababf5c44164f161872704e1cfbecab3935fdebec66c72905abaad0e6e5cef6"},
  "syslog": {:hex, :syslog, "1.1.0", "6419a232bea84f07b56dc575225007ffe34d9fdc91abe6f1b2f254fd71d8efc2", [:rebar3], [], "hexpm", "4c6a41373c7e20587be33ef841d3de6f3beba08519809329ecc4d27b15b659e1"},
}
